
Microsoft Visual Studio Solution File, Format Version 12.00
# Visual Studio 2012
Project("{FAE04EC0-301F-11D3-BF4B-00C04F79EFBC}") = "Secrets", "Secrets\Secrets.csproj", "{6334FC61-7998-4431-9561-3E259670F57E}"
EndProject
Project("{FAE04EC0-301F-11D3-BF4B-00C04F79EFBC}") = "SecretsVariant2", "SecretsVariant2\SecretsVariant2.csproj", "{ADDC07A4-FB7D-4FAF-9770-A94B85E7DD18}"
EndProject
Global
	GlobalSection(SolutionConfigurationPlatforms) = preSolution
		Debug|Any CPU = Debug|Any CPU
		Release|Any CPU = Release|Any CPU
	EndGlobalSection
	GlobalSection(ProjectConfigurationPlatforms) = postSolution
		{6334FC61-7998-4431-9561-3E259670F57E}.Debug|Any CPU.ActiveCfg = Debug|Any CPU
		{6334FC61-7998-4431-9561-3E259670F57E}.Debug|Any CPU.Build.0 = Debug|Any CPU
		{6334FC61-7998-4431-9561-3E259670F57E}.Release|Any CPU.ActiveCfg = Release|Any CPU
		{6334FC61-7998-4431-9561-3E259670F57E}.Release|Any CPU.Build.0 = Release|Any CPU
		{ADDC07A4-FB7D-4FAF-9770-A94B85E7DD18}.Debug|Any CPU.ActiveCfg = Debug|Any CPU
		{ADDC07A4-FB7D-4FAF-9770-A94B85E7DD18}.Debug|Any CPU.Build.0 = Debug|Any CPU
		{ADDC07A4-FB7D-4FAF-9770-A94B85E7DD18}.Release|Any CPU.ActiveCfg = Release|Any CPU
		{ADDC07A4-FB7D-4FAF-9770-A94B85E7DD18}.Release|Any CPU.Build.0 = Release|Any CPU
	EndGlobalSection
	GlobalSection(SolutionProperties) = preSolution
		HideSolutionNode = FALSE
	EndGlobalSection
EndGlobal
