
Microsoft Visual Studio Solution File, Format Version 12.00
# Visual Studio 2012
Project("{FAE04EC0-301F-11D3-BF4B-00C04F79EFBC}") = "Garden", "Garden\Garden.csproj", "{CC2DDB05-EF22-48DF-BF63-615491AE1268}"
EndProject
Global
	GlobalSection(SolutionConfigurationPlatforms) = preSolution
		Debug|Any CPU = Debug|Any CPU
		Release|Any CPU = Release|Any CPU
	EndGlobalSection
	GlobalSection(ProjectConfigurationPlatforms) = postSolution
		{CC2DDB05-EF22-48DF-BF63-615491AE1268}.Debug|Any CPU.ActiveCfg = Debug|Any CPU
		{CC2DDB05-EF22-48DF-BF63-615491AE1268}.Debug|Any CPU.Build.0 = Debug|Any CPU
		{CC2DDB05-EF22-48DF-BF63-615491AE1268}.Release|Any CPU.ActiveCfg = Release|Any CPU
		{CC2DDB05-EF22-48DF-BF63-615491AE1268}.Release|Any CPU.Build.0 = Release|Any CPU
	EndGlobalSection
	GlobalSection(SolutionProperties) = preSolution
		HideSolutionNode = FALSE
	EndGlobalSection
EndGlobal
