
Microsoft Visual Studio Solution File, Format Version 12.00
# Visual Studio 2012
Project("{FAE04EC0-301F-11D3-BF4B-00C04F79EFBC}") = "Bat'GojkoTower", "Bat'GojkoTower\Bat'GojkoTower.csproj", "{1F0706E5-EA95-4620-8573-21FB30773572}"
EndProject
Global
	GlobalSection(SolutionConfigurationPlatforms) = preSolution
		Debug|Any CPU = Debug|Any CPU
		Release|Any CPU = Release|Any CPU
	EndGlobalSection
	GlobalSection(ProjectConfigurationPlatforms) = postSolution
		{1F0706E5-EA95-4620-8573-21FB30773572}.Debug|Any CPU.ActiveCfg = Debug|Any CPU
		{1F0706E5-EA95-4620-8573-21FB30773572}.Debug|Any CPU.Build.0 = Debug|Any CPU
		{1F0706E5-EA95-4620-8573-21FB30773572}.Release|Any CPU.ActiveCfg = Release|Any CPU
		{1F0706E5-EA95-4620-8573-21FB30773572}.Release|Any CPU.Build.0 = Release|Any CPU
	EndGlobalSection
	GlobalSection(SolutionProperties) = preSolution
		HideSolutionNode = FALSE
	EndGlobalSection
EndGlobal
