
Microsoft Visual Studio Solution File, Format Version 12.00
# Visual Studio 2012
Project("{FAE04EC0-301F-11D3-BF4B-00C04F79EFBC}") = "AngryBits", "AngryBits\AngryBits.csproj", "{06A85825-A62B-4913-8C2D-D08BCCF229F8}"
EndProject
Global
	GlobalSection(SolutionConfigurationPlatforms) = preSolution
		Debug|Any CPU = Debug|Any CPU
		Release|Any CPU = Release|Any CPU
	EndGlobalSection
	GlobalSection(ProjectConfigurationPlatforms) = postSolution
		{06A85825-A62B-4913-8C2D-D08BCCF229F8}.Debug|Any CPU.ActiveCfg = Debug|Any CPU
		{06A85825-A62B-4913-8C2D-D08BCCF229F8}.Debug|Any CPU.Build.0 = Debug|Any CPU
		{06A85825-A62B-4913-8C2D-D08BCCF229F8}.Release|Any CPU.ActiveCfg = Release|Any CPU
		{06A85825-A62B-4913-8C2D-D08BCCF229F8}.Release|Any CPU.Build.0 = Release|Any CPU
	EndGlobalSection
	GlobalSection(SolutionProperties) = preSolution
		HideSolutionNode = FALSE
	EndGlobalSection
EndGlobal
